
Microsoft Visual Studio Solution File, Format Version 12.00
# Visual Studio Version 17
VisualStudioVersion = 17.4.33205.214
MinimumVisualStudioVersion = 10.0.40219.1
Project("{FAE04EC0-301F-11D3-BF4B-00C04F79EFBC}") = "bai4_1", "bai4_1.csproj", "{12215EE6-99EC-4ADE-AE2D-36C8C59F2F16}"
EndProject
Project("{FAE04EC0-301F-11D3-BF4B-00C04F79EFBC}") = "bai4_9", "..\bai4_9\bai4_9.csproj", "{F3F9ECCC-391D-4E6A-A801-1385E9FF74CF}"
EndProject
Global
	GlobalSection(SolutionConfigurationPlatforms) = preSolution
		Debug|Any CPU = Debug|Any CPU
		Release|Any CPU = Release|Any CPU
	EndGlobalSection
	GlobalSection(ProjectConfigurationPlatforms) = postSolution
		{12215EE6-99EC-4ADE-AE2D-36C8C59F2F16}.Debug|Any CPU.ActiveCfg = Debug|Any CPU
		{12215EE6-99EC-4ADE-AE2D-36C8C59F2F16}.Debug|Any CPU.Build.0 = Debug|Any CPU
		{12215EE6-99EC-4ADE-AE2D-36C8C59F2F16}.Release|Any CPU.ActiveCfg = Release|Any CPU
		{12215EE6-99EC-4ADE-AE2D-36C8C59F2F16}.Release|Any CPU.Build.0 = Release|Any CPU
		{F3F9ECCC-391D-4E6A-A801-1385E9FF74CF}.Debug|Any CPU.ActiveCfg = Debug|Any CPU
		{F3F9ECCC-391D-4E6A-A801-1385E9FF74CF}.Debug|Any CPU.Build.0 = Debug|Any CPU
		{F3F9ECCC-391D-4E6A-A801-1385E9FF74CF}.Release|Any CPU.ActiveCfg = Release|Any CPU
		{F3F9ECCC-391D-4E6A-A801-1385E9FF74CF}.Release|Any CPU.Build.0 = Release|Any CPU
	EndGlobalSection
	GlobalSection(SolutionProperties) = preSolution
		HideSolutionNode = FALSE
	EndGlobalSection
	GlobalSection(ExtensibilityGlobals) = postSolution
		SolutionGuid = {E42294C2-8E67-4218-AA0F-CD545597CD50}
	EndGlobalSection
EndGlobal
