
Microsoft Visual Studio Solution File, Format Version 12.00
# Visual Studio Version 17
VisualStudioVersion = 17.4.33205.214
MinimumVisualStudioVersion = 10.0.40219.1
Project("{FAE04EC0-301F-11D3-BF4B-00C04F79EFBC}") = "bai4_1", "bai4_1.csproj", "{12215EE6-99EC-4ADE-AE2D-36C8C59F2F16}"
EndProject
Project("{FAE04EC0-301F-11D3-BF4B-00C04F79EFBC}") = "bai4_9", "..\bai4_9\bai4_9.csproj", "{F3F9ECCC-391D-4E6A-A801-1385E9FF74CF}"
EndProject
Project("{FAE04EC0-301F-11D3-BF4B-00C04F79EFBC}") = "bai4_2", "..\bai4_2\bai4_2.csproj", "{E52106B0-6C7E-4CB6-BFCC-C4330B9E86A6}"
EndProject
Project("{FAE04EC0-301F-11D3-BF4B-00C04F79EFBC}") = "bai4_3", "..\bai4_3\bai4_3.csproj", "{9BCFC17D-4062-41C7-9384-1278397127FA}"
EndProject
Project("{FAE04EC0-301F-11D3-BF4B-00C04F79EFBC}") = "bai4_4", "..\bai4_4\bai4_4.csproj", "{F6B1100B-F5FA-449E-82DE-6C6597A0C304}"
EndProject
Project("{FAE04EC0-301F-11D3-BF4B-00C04F79EFBC}") = "bai4_5", "..\bai4_5\bai4_5.csproj", "{1C662C2F-FEFB-45A5-9D16-65316F652AD1}"
EndProject
Project("{FAE04EC0-301F-11D3-BF4B-00C04F79EFBC}") = "bai4_6", "..\bai4_6\bai4_6.csproj", "{4F73D2DC-E6EA-4E76-9694-7C3F3978915D}"
EndProject
Project("{FAE04EC0-301F-11D3-BF4B-00C04F79EFBC}") = "bai4_7", "..\bai4_7\bai4_7.csproj", "{9DB03D94-E704-4B8E-A053-A7A803379994}"
EndProject
Project("{FAE04EC0-301F-11D3-BF4B-00C04F79EFBC}") = "bai4_8", "..\bai4_8\bai4_8.csproj", "{F3D5C430-6CD3-45BD-88C8-6FA447A2227D}"
EndProject
Project("{FAE04EC0-301F-11D3-BF4B-00C04F79EFBC}") = "bai4_10", "..\bai4_10\bai4_10.csproj", "{CD9BDD35-EF50-4D3C-8CF5-7914C84B343B}"
EndProject
Global
	GlobalSection(SolutionConfigurationPlatforms) = preSolution
		Debug|Any CPU = Debug|Any CPU
		Release|Any CPU = Release|Any CPU
	EndGlobalSection
	GlobalSection(ProjectConfigurationPlatforms) = postSolution
		{12215EE6-99EC-4ADE-AE2D-36C8C59F2F16}.Debug|Any CPU.ActiveCfg = Debug|Any CPU
		{12215EE6-99EC-4ADE-AE2D-36C8C59F2F16}.Debug|Any CPU.Build.0 = Debug|Any CPU
		{12215EE6-99EC-4ADE-AE2D-36C8C59F2F16}.Release|Any CPU.ActiveCfg = Release|Any CPU
		{12215EE6-99EC-4ADE-AE2D-36C8C59F2F16}.Release|Any CPU.Build.0 = Release|Any CPU
		{F3F9ECCC-391D-4E6A-A801-1385E9FF74CF}.Debug|Any CPU.ActiveCfg = Debug|Any CPU
		{F3F9ECCC-391D-4E6A-A801-1385E9FF74CF}.Debug|Any CPU.Build.0 = Debug|Any CPU
		{F3F9ECCC-391D-4E6A-A801-1385E9FF74CF}.Release|Any CPU.ActiveCfg = Release|Any CPU
		{F3F9ECCC-391D-4E6A-A801-1385E9FF74CF}.Release|Any CPU.Build.0 = Release|Any CPU
		{E52106B0-6C7E-4CB6-BFCC-C4330B9E86A6}.Debug|Any CPU.ActiveCfg = Debug|Any CPU
		{E52106B0-6C7E-4CB6-BFCC-C4330B9E86A6}.Debug|Any CPU.Build.0 = Debug|Any CPU
		{E52106B0-6C7E-4CB6-BFCC-C4330B9E86A6}.Release|Any CPU.ActiveCfg = Release|Any CPU
		{E52106B0-6C7E-4CB6-BFCC-C4330B9E86A6}.Release|Any CPU.Build.0 = Release|Any CPU
		{9BCFC17D-4062-41C7-9384-1278397127FA}.Debug|Any CPU.ActiveCfg = Debug|Any CPU
		{9BCFC17D-4062-41C7-9384-1278397127FA}.Debug|Any CPU.Build.0 = Debug|Any CPU
		{9BCFC17D-4062-41C7-9384-1278397127FA}.Release|Any CPU.ActiveCfg = Release|Any CPU
		{9BCFC17D-4062-41C7-9384-1278397127FA}.Release|Any CPU.Build.0 = Release|Any CPU
		{F6B1100B-F5FA-449E-82DE-6C6597A0C304}.Debug|Any CPU.ActiveCfg = Debug|Any CPU
		{F6B1100B-F5FA-449E-82DE-6C6597A0C304}.Debug|Any CPU.Build.0 = Debug|Any CPU
		{F6B1100B-F5FA-449E-82DE-6C6597A0C304}.Release|Any CPU.ActiveCfg = Release|Any CPU
		{F6B1100B-F5FA-449E-82DE-6C6597A0C304}.Release|Any CPU.Build.0 = Release|Any CPU
		{1C662C2F-FEFB-45A5-9D16-65316F652AD1}.Debug|Any CPU.ActiveCfg = Debug|Any CPU
		{1C662C2F-FEFB-45A5-9D16-65316F652AD1}.Debug|Any CPU.Build.0 = Debug|Any CPU
		{1C662C2F-FEFB-45A5-9D16-65316F652AD1}.Release|Any CPU.ActiveCfg = Release|Any CPU
		{1C662C2F-FEFB-45A5-9D16-65316F652AD1}.Release|Any CPU.Build.0 = Release|Any CPU
		{4F73D2DC-E6EA-4E76-9694-7C3F3978915D}.Debug|Any CPU.ActiveCfg = Debug|Any CPU
		{4F73D2DC-E6EA-4E76-9694-7C3F3978915D}.Debug|Any CPU.Build.0 = Debug|Any CPU
		{4F73D2DC-E6EA-4E76-9694-7C3F3978915D}.Release|Any CPU.ActiveCfg = Release|Any CPU
		{4F73D2DC-E6EA-4E76-9694-7C3F3978915D}.Release|Any CPU.Build.0 = Release|Any CPU
		{9DB03D94-E704-4B8E-A053-A7A803379994}.Debug|Any CPU.ActiveCfg = Debug|Any CPU
		{9DB03D94-E704-4B8E-A053-A7A803379994}.Debug|Any CPU.Build.0 = Debug|Any CPU
		{9DB03D94-E704-4B8E-A053-A7A803379994}.Release|Any CPU.ActiveCfg = Release|Any CPU
		{9DB03D94-E704-4B8E-A053-A7A803379994}.Release|Any CPU.Build.0 = Release|Any CPU
		{F3D5C430-6CD3-45BD-88C8-6FA447A2227D}.Debug|Any CPU.ActiveCfg = Debug|Any CPU
		{F3D5C430-6CD3-45BD-88C8-6FA447A2227D}.Debug|Any CPU.Build.0 = Debug|Any CPU
		{F3D5C430-6CD3-45BD-88C8-6FA447A2227D}.Release|Any CPU.ActiveCfg = Release|Any CPU
		{F3D5C430-6CD3-45BD-88C8-6FA447A2227D}.Release|Any CPU.Build.0 = Release|Any CPU
		{CD9BDD35-EF50-4D3C-8CF5-7914C84B343B}.Debug|Any CPU.ActiveCfg = Debug|Any CPU
		{CD9BDD35-EF50-4D3C-8CF5-7914C84B343B}.Debug|Any CPU.Build.0 = Debug|Any CPU
		{CD9BDD35-EF50-4D3C-8CF5-7914C84B343B}.Release|Any CPU.ActiveCfg = Release|Any CPU
		{CD9BDD35-EF50-4D3C-8CF5-7914C84B343B}.Release|Any CPU.Build.0 = Release|Any CPU
	EndGlobalSection
	GlobalSection(SolutionProperties) = preSolution
		HideSolutionNode = FALSE
	EndGlobalSection
	GlobalSection(ExtensibilityGlobals) = postSolution
		SolutionGuid = {E42294C2-8E67-4218-AA0F-CD545597CD50}
	EndGlobalSection
EndGlobal
